
Microsoft Visual Studio Solution File, Format Version 12.00
# Visual Studio Version 16
VisualStudioVersion = 16.0.30309.148
MinimumVisualStudioVersion = 15.0.26124.0
Project("{2150E333-8FDC-42A3-9474-1A3956D46DE8}") = "domain", "domain", "{6F8A9FBC-7EC9-4C94-B61D-DFAE3C1192C3}"
EndProject
Project("{9A19103F-16F7-4668-BE54-9A1E7A4F7556}") = "UKKomGazEnergo", "domain\UKKomGazEnergo\UKKomGazEnergo.csproj", "{ABD1D4C1-6D0D-4FCE-BC48-8C85753767E9}"
EndProject
Project("{2150E333-8FDC-42A3-9474-1A3956D46DE8}") = "infrastructure", "infrastructure", "{F5B66DC6-99E8-4FDE-A408-878CEBB4B040}"
EndProject
Project("{FAE04EC0-301F-11D3-BF4B-00C04F79EFBC}") = "UKKomGazEnergo.Memory", "infrastructure\UKKomGazEnergo.Memory\UKKomGazEnergo.Memory.csproj", "{5B353A24-7E46-48B0-A31A-6DFA32CC4AC0}"
EndProject
Project("{2150E333-8FDC-42A3-9474-1A3956D46DE8}") = "presentation", "presentation", "{138A5D49-EB22-4B99-A5A6-08C1E7F1C2F4}"
EndProject
Project("{FAE04EC0-301F-11D3-BF4B-00C04F79EFBC}") = "UKKomGazEnergo.Web", "presentation\UKKomGazEnergo.Web\UKKomGazEnergo.Web.csproj", "{CC258FCC-111F-4734-81B8-F87D289A4E56}"
EndProject
Global
	GlobalSection(SolutionConfigurationPlatforms) = preSolution
		Debug|Any CPU = Debug|Any CPU
		Debug|x64 = Debug|x64
		Debug|x86 = Debug|x86
		Release|Any CPU = Release|Any CPU
		Release|x64 = Release|x64
		Release|x86 = Release|x86
	EndGlobalSection
	GlobalSection(ProjectConfigurationPlatforms) = postSolution
		{ABD1D4C1-6D0D-4FCE-BC48-8C85753767E9}.Debug|Any CPU.ActiveCfg = Debug|Any CPU
		{ABD1D4C1-6D0D-4FCE-BC48-8C85753767E9}.Debug|Any CPU.Build.0 = Debug|Any CPU
		{ABD1D4C1-6D0D-4FCE-BC48-8C85753767E9}.Debug|x64.ActiveCfg = Debug|Any CPU
		{ABD1D4C1-6D0D-4FCE-BC48-8C85753767E9}.Debug|x64.Build.0 = Debug|Any CPU
		{ABD1D4C1-6D0D-4FCE-BC48-8C85753767E9}.Debug|x86.ActiveCfg = Debug|Any CPU
		{ABD1D4C1-6D0D-4FCE-BC48-8C85753767E9}.Debug|x86.Build.0 = Debug|Any CPU
		{ABD1D4C1-6D0D-4FCE-BC48-8C85753767E9}.Release|Any CPU.ActiveCfg = Release|Any CPU
		{ABD1D4C1-6D0D-4FCE-BC48-8C85753767E9}.Release|Any CPU.Build.0 = Release|Any CPU
		{ABD1D4C1-6D0D-4FCE-BC48-8C85753767E9}.Release|x64.ActiveCfg = Release|Any CPU
		{ABD1D4C1-6D0D-4FCE-BC48-8C85753767E9}.Release|x64.Build.0 = Release|Any CPU
		{ABD1D4C1-6D0D-4FCE-BC48-8C85753767E9}.Release|x86.ActiveCfg = Release|Any CPU
		{ABD1D4C1-6D0D-4FCE-BC48-8C85753767E9}.Release|x86.Build.0 = Release|Any CPU
		{5B353A24-7E46-48B0-A31A-6DFA32CC4AC0}.Debug|Any CPU.ActiveCfg = Debug|Any CPU
		{5B353A24-7E46-48B0-A31A-6DFA32CC4AC0}.Debug|Any CPU.Build.0 = Debug|Any CPU
		{5B353A24-7E46-48B0-A31A-6DFA32CC4AC0}.Debug|x64.ActiveCfg = Debug|Any CPU
		{5B353A24-7E46-48B0-A31A-6DFA32CC4AC0}.Debug|x64.Build.0 = Debug|Any CPU
		{5B353A24-7E46-48B0-A31A-6DFA32CC4AC0}.Debug|x86.ActiveCfg = Debug|Any CPU
		{5B353A24-7E46-48B0-A31A-6DFA32CC4AC0}.Debug|x86.Build.0 = Debug|Any CPU
		{5B353A24-7E46-48B0-A31A-6DFA32CC4AC0}.Release|Any CPU.ActiveCfg = Release|Any CPU
		{5B353A24-7E46-48B0-A31A-6DFA32CC4AC0}.Release|Any CPU.Build.0 = Release|Any CPU
		{5B353A24-7E46-48B0-A31A-6DFA32CC4AC0}.Release|x64.ActiveCfg = Release|Any CPU
		{5B353A24-7E46-48B0-A31A-6DFA32CC4AC0}.Release|x64.Build.0 = Release|Any CPU
		{5B353A24-7E46-48B0-A31A-6DFA32CC4AC0}.Release|x86.ActiveCfg = Release|Any CPU
		{5B353A24-7E46-48B0-A31A-6DFA32CC4AC0}.Release|x86.Build.0 = Release|Any CPU
		{CC258FCC-111F-4734-81B8-F87D289A4E56}.Debug|Any CPU.ActiveCfg = Debug|Any CPU
		{CC258FCC-111F-4734-81B8-F87D289A4E56}.Debug|Any CPU.Build.0 = Debug|Any CPU
		{CC258FCC-111F-4734-81B8-F87D289A4E56}.Debug|x64.ActiveCfg = Debug|Any CPU
		{CC258FCC-111F-4734-81B8-F87D289A4E56}.Debug|x64.Build.0 = Debug|Any CPU
		{CC258FCC-111F-4734-81B8-F87D289A4E56}.Debug|x86.ActiveCfg = Debug|Any CPU
		{CC258FCC-111F-4734-81B8-F87D289A4E56}.Debug|x86.Build.0 = Debug|Any CPU
		{CC258FCC-111F-4734-81B8-F87D289A4E56}.Release|Any CPU.ActiveCfg = Release|Any CPU
		{CC258FCC-111F-4734-81B8-F87D289A4E56}.Release|Any CPU.Build.0 = Release|Any CPU
		{CC258FCC-111F-4734-81B8-F87D289A4E56}.Release|x64.ActiveCfg = Release|Any CPU
		{CC258FCC-111F-4734-81B8-F87D289A4E56}.Release|x64.Build.0 = Release|Any CPU
		{CC258FCC-111F-4734-81B8-F87D289A4E56}.Release|x86.ActiveCfg = Release|Any CPU
		{CC258FCC-111F-4734-81B8-F87D289A4E56}.Release|x86.Build.0 = Release|Any CPU
	EndGlobalSection
	GlobalSection(SolutionProperties) = preSolution
		HideSolutionNode = FALSE
	EndGlobalSection
	GlobalSection(NestedProjects) = preSolution
		{ABD1D4C1-6D0D-4FCE-BC48-8C85753767E9} = {6F8A9FBC-7EC9-4C94-B61D-DFAE3C1192C3}
		{5B353A24-7E46-48B0-A31A-6DFA32CC4AC0} = {F5B66DC6-99E8-4FDE-A408-878CEBB4B040}
		{CC258FCC-111F-4734-81B8-F87D289A4E56} = {138A5D49-EB22-4B99-A5A6-08C1E7F1C2F4}
	EndGlobalSection
	GlobalSection(ExtensibilityGlobals) = postSolution
		SolutionGuid = {57E462B2-832E-4544-ACAA-4489DF7AF891}
	EndGlobalSection
EndGlobal
